schema: '2.0'
stages:
  train:
    cmd: python -m src.train --model gan --n_epochs 10 --checkpoints_interval 5
    deps:
    - path: src/models.py
      md5: 3fb1a94e82f5618e7bc61b3f072b3f50
      size: 1618
    - path: src/train.py
      md5: 40c8bf65cd0d54c63bce20d01d315ff8
      size: 5252
    params:
      params.yaml:
        model: gan
        n_epochs: 10
    outs:
    - path: results/gan/weights
      md5: 1d731f36f1a3ca840b5ac7a7ee9b7ea6.dir
      size: 24236508
      nfiles: 4
  crosslid:
    cmd: python3 -m src.calculate_crosslid
    deps:
    - path: results/
      md5: 61faf883d316db1ffc10c1d8a2253361.dir
      size: 303605374
      nfiles: 120
    - path: src/calculate_crosslid.py
      md5: b8228b89be9647d22bd3dbcef5e7fba4
      size: 1077
    - path: src/crosslid/
      md5: 9747d377e949064b6b4411dc647d8b55.dir
      size: 14447454
      nfiles: 14
    params:
      params.yaml:
        models:
        - gan
        - cgan
        - dcgan
    outs:
    - path: metrics.json
      md5: 4405d0b7cf4c0ecfb9db3a0fc45546ff
      size: 109
      isexec: true
  train@gan:
    cmd: python3 -m src.train --model gan --n_epochs 200 --checkpoints_interval 20
    deps:
    - path: src/models.py
      md5: bad6ef81a3d92f6530229eaf78b9633b
      size: 6708
    - path: src/train.py
      md5: ac219f48129a17c2699558ec58fe6bf7
      size: 10803
    params:
      params.yaml:
        gan: gan
        n_epochs: 200
    outs:
    - path: gan_time.json
      md5: 88dea4ab4e86556bbd5f7ecf3a453f19
      size: 30
      isexec: true
    - path: results/gan/images
      md5: e4f1878259f59244c0fad481be050980.dir
      size: 445568
      nfiles: 10
    - path: results/gan/weights
      md5: 649a6aa104153853470f29379db91c40.dir
      size: 121469510
      nfiles: 20
    - path: runs/gan/
      md5: 97358ac6fa7888bd866dc81c173b43e9.dir
      size: 73460
      nfiles: 1
  train@dcgan:
    cmd: python3 -m src.train --model dcgan --n_epochs 200 --checkpoints_interval
      20
    deps:
    - path: src/models.py
      md5: bad6ef81a3d92f6530229eaf78b9633b
      size: 6708
    - path: src/train.py
      md5: ac219f48129a17c2699558ec58fe6bf7
      size: 10803
    params:
      params.yaml:
        dcgan: dcgan
        n_epochs: 200
    outs:
    - path: dcgan_time.json
      md5: 5cb72c884f225519a739c70f280fabbe
      size: 32
      isexec: true
    - path: results/dcgan/images
      md5: 04173f8a620be7f8fd84f6b9215f37cd.dir
      size: 503528
      nfiles: 10
    - path: results/dcgan/weights
      md5: 1e97f372e61f5838ed8942bc76a3b780.dir
      size: 58278000
      nfiles: 20
    - path: runs/dcgan/
      md5: c832d6e66d78c95afffdb2b0581efccd.dir
      size: 75860
      nfiles: 1
  train@cgan:
    cmd: python3 -m src.train --model cgan --n_epochs 200 --checkpoints_interval 20
    deps:
    - path: src/models.py
      md5: bad6ef81a3d92f6530229eaf78b9633b
      size: 6708
    - path: src/train.py
      md5: ac219f48129a17c2699558ec58fe6bf7
      size: 10803
    params:
      params.yaml:
        cgan: cgan
        n_epochs: 200
    outs:
    - path: cgan_time.json
      md5: 860a3c922903fe532fa514cd845f8ee4
      size: 31
      isexec: true
    - path: results/cgan/images
      md5: f245d5685aa0e64f268e33c13347a24f.dir
      size: 478956
      nfiles: 10
    - path: results/cgan/weights
      md5: ee7dcc497f63513bb92f0297322f77fd.dir
      size: 121614970
      nfiles: 20
    - path: runs/cgan/
      md5: 8f26888689fd2b2be602579dd76a3b6d.dir
      size: 74660
      nfiles: 1
