schema: '2.0'
stages:
  train:
    cmd: python -m src.train --model gan --n_epochs 10 --checkpoints_interval 5
    deps:
    - path: src/models.py
      md5: 3fb1a94e82f5618e7bc61b3f072b3f50
      size: 1618
    - path: src/train.py
      md5: 40c8bf65cd0d54c63bce20d01d315ff8
      size: 5252
    params:
      params.yaml:
        model: gan
        n_epochs: 10
    outs:
    - path: results/gan/weights
      md5: 1d731f36f1a3ca840b5ac7a7ee9b7ea6.dir
      size: 24236508
      nfiles: 4
  crosslid:
    cmd: python3 -m src.calculate_crosslid
    deps:
    - path: results/
      md5: 3b53f112fd5cd8b6e187d9ba171bad0d.dir
      size: 302762248
      nfiles: 90
    - path: src/calculate_crosslid.py
      md5: b8228b89be9647d22bd3dbcef5e7fba4
      size: 1077
    - path: src/crosslid/
      md5: 4f2237d3f41fd6c2aa1e60b496f08c10.dir
      size: 14447454
      nfiles: 14
    params:
      params.yaml:
        models:
        - gan
        - cgan
        - dcgan
    outs:
    - path: metrics.json
      md5: 9ffa3f03742dbe8038308ad280fcdfab
      size: 109
      isexec: true
  train@gan:
    cmd: python3 -m src.train --model gan --n_epochs 200 --checkpoints_interval 20
    deps:
    - path: src/models.py
      md5: bad6ef81a3d92f6530229eaf78b9633b
      size: 6708
    - path: src/train.py
      md5: de7dce0f304e3cc893325fdf20a7745c
      size: 9062
    params:
      params.yaml:
        gan: gan
        n_epochs: 200
    outs:
    - path: gan_time.json
      md5: 4075c0af0195a664b0df3e4eb711643f
      size: 30
      isexec: true
    - path: results/gan/weights
      md5: 77d88ca2c08255fec38deba15eb17d1a.dir
      size: 121469510
      nfiles: 20
  train@dcgan:
    cmd: python3 -m src.train --model dcgan --n_epochs 200 --checkpoints_interval
      20
    deps:
    - path: src/models.py
      md5: bad6ef81a3d92f6530229eaf78b9633b
      size: 6708
    - path: src/train.py
      md5: de7dce0f304e3cc893325fdf20a7745c
      size: 9062
    params:
      params.yaml:
        dcgan: dcgan
        n_epochs: 200
    outs:
    - path: dcgan_time.json
      md5: 1411cd18bb595d318363f681aa6d8e41
      size: 32
      isexec: true
    - path: results/dcgan/weights
      md5: 3733f72694727bcf2e870571628b1d05.dir
      size: 58278000
      nfiles: 20
  train@cgan:
    cmd: python3 -m src.train --model cgan --n_epochs 200 --checkpoints_interval 20
    deps:
    - path: src/models.py
      md5: bad6ef81a3d92f6530229eaf78b9633b
      size: 6708
    - path: src/train.py
      md5: de7dce0f304e3cc893325fdf20a7745c
      size: 9062
    params:
      params.yaml:
        cgan: cgan
        n_epochs: 200
    outs:
    - path: cgan_time.json
      md5: 600363a20c2fb78d5f499aa3b69245a1
      size: 31
      isexec: true
    - path: results/cgan/weights
      md5: 40f58e7dd2d96835672499a01d4ac8cf.dir
      size: 121614970
      nfiles: 20
