schema: '2.0'
stages:
  train:
    cmd: python -m src.train --model gan --n_epochs 10 --checkpoints_interval 5
    deps:
    - path: src/models.py
      md5: 3fb1a94e82f5618e7bc61b3f072b3f50
      size: 1618
    - path: src/train.py
      md5: 40c8bf65cd0d54c63bce20d01d315ff8
      size: 5252
    params:
      params.yaml:
        model: gan
        n_epochs: 10
    outs:
    - path: results/gan/weights
      md5: 1d731f36f1a3ca840b5ac7a7ee9b7ea6.dir
      size: 24236508
      nfiles: 4
  crosslid:
    cmd: python3 -m src.calculate_crosslid
    deps:
    - path: results/
      md5: f7d067351300f6e42bb04461e2da701d.dir
      size: 302767779
      nfiles: 90
    - path: src/calculate_crosslid.py
      md5: b8228b89be9647d22bd3dbcef5e7fba4
      size: 1077
    - path: src/crosslid/
      md5: 14c4b6ffa54931ac13fc0446fcc2d22d.dir
      size: 14447454
      nfiles: 14
    params:
      params.yaml:
        models:
        - gan
        - cgan
        - dcgan
    outs:
    - path: metrics.json
      md5: 9cad702a844fdbdb9fae0ac027fb0db4
      size: 110
      isexec: true
  train@gan:
    cmd: python3 -m src.train --model gan --n_epochs 200 --checkpoints_interval 20
    deps:
    - path: src/models.py
      md5: bad6ef81a3d92f6530229eaf78b9633b
      size: 6708
    - path: src/train.py
      md5: de7dce0f304e3cc893325fdf20a7745c
      size: 9062
    params:
      params.yaml:
        gan: gan
        n_epochs: 200
    outs:
    - path: gan_time.json
      md5: d6a4320164263282a3a488026dd5b8b4
      size: 30
      isexec: true
    - path: results/gan/weights
      md5: 5c7b99855c3df3c448c82887f1714eeb.dir
      size: 121469510
      nfiles: 20
  train@dcgan:
    cmd: python3 -m src.train --model dcgan --n_epochs 200 --checkpoints_interval
      20
    deps:
    - path: src/models.py
      md5: bad6ef81a3d92f6530229eaf78b9633b
      size: 6708
    - path: src/train.py
      md5: de7dce0f304e3cc893325fdf20a7745c
      size: 9062
    params:
      params.yaml:
        dcgan: dcgan
        n_epochs: 200
    outs:
    - path: dcgan_time.json
      md5: fd1c0b9098b1576996c9d1718e448519
      size: 32
      isexec: true
    - path: results/dcgan/weights
      md5: d955bdee28abcee6926364d66bc6d26e.dir
      size: 58278000
      nfiles: 20
  train@cgan:
    cmd: python3 -m src.train --model cgan --n_epochs 200 --checkpoints_interval 20
    deps:
    - path: src/models.py
      md5: bad6ef81a3d92f6530229eaf78b9633b
      size: 6708
    - path: src/train.py
      md5: de7dce0f304e3cc893325fdf20a7745c
      size: 9062
    params:
      params.yaml:
        cgan: cgan
        n_epochs: 200
    outs:
    - path: cgan_time.json
      md5: fcf38aa3fb731485cb9e7c301924d4a4
      size: 31
      isexec: true
    - path: results/cgan/weights
      md5: 7b41d1b74f8efd349c165b73c76988ed.dir
      size: 121614970
      nfiles: 20
